{
  "version": 4,
  "terraform_version": "1.13.5",
  "serial": 28,
  "lineage": "88e359be-a9c2-d26f-f159-82c5c11b5506",
  "outputs": {},
  "resources": [
    {
      "mode": "managed",
      "type": "aws_instance",
      "name": "jarvis-2-0",
      "provider": "provider[\"registry.terraform.io/hashicorp/aws\"]",
      "instances": [
        {
          "schema_version": 2,
          "attributes": {
            "ami": "ami-02b8269d5e85954ef",
            "arn": "arn:aws:ec2:ap-south-1:528471666387:instance/i-0f89f64b9205cc9a8",
            "associate_public_ip_address": true,
            "availability_zone": "ap-south-1b",
            "capacity_reservation_specification": [
              {
                "capacity_reservation_preference": "open",
                "capacity_reservation_target": []
              }
            ],
            "cpu_options": [
              {
                "amd_sev_snp": "",
                "core_count": 1,
                "threads_per_core": 1
              }
            ],
            "credit_specification": [
              {
                "cpu_credits": "standard"
              }
            ],
            "disable_api_stop": false,
            "disable_api_termination": false,
            "ebs_block_device": [],
            "ebs_optimized": false,
            "enable_primary_ipv6": null,
            "enclave_options": [
              {
                "enabled": false
              }
            ],
            "ephemeral_block_device": [],
            "force_destroy": false,
            "get_password_data": false,
            "hibernation": false,
            "host_id": "",
            "host_resource_group_arn": null,
            "iam_instance_profile": "",
            "id": "i-0f89f64b9205cc9a8",
            "instance_initiated_shutdown_behavior": "stop",
            "instance_lifecycle": "",
            "instance_market_options": [],
            "instance_state": "running",
            "instance_type": "t2.micro",
            "ipv6_address_count": 0,
            "ipv6_addresses": [],
            "key_name": "newin",
            "launch_template": [],
            "maintenance_options": [
              {
                "auto_recovery": "default"
              }
            ],
            "metadata_options": [
              {
                "http_endpoint": "enabled",
                "http_protocol_ipv6": "disabled",
                "http_put_response_hop_limit": 2,
                "http_tokens": "required",
                "instance_metadata_tags": "disabled"
              }
            ],
            "monitoring": false,
            "network_interface": [],
            "outpost_arn": "",
            "password_data": "",
            "placement_group": "",
            "placement_group_id": "",
            "placement_partition_number": 0,
            "primary_network_interface": [
              {
                "delete_on_termination": true,
                "network_interface_id": "eni-0ca2ec2e3b219ce77"
              }
            ],
            "primary_network_interface_id": "eni-0ca2ec2e3b219ce77",
            "private_dns": "ip-172-31-11-244.ap-south-1.compute.internal",
            "private_dns_name_options": [
              {
                "enable_resource_name_dns_a_record": false,
                "enable_resource_name_dns_aaaa_record": false,
                "hostname_type": "ip-name"
              }
            ],
            "private_ip": "172.31.11.244",
            "public_dns": "ec2-3-110-121-35.ap-south-1.compute.amazonaws.com",
            "public_ip": "3.110.121.35",
            "region": "ap-south-1",
            "root_block_device": [
              {
                "delete_on_termination": true,
                "device_name": "/dev/sda1",
                "encrypted": false,
                "iops": 3000,
                "kms_key_id": "",
                "tags": {},
                "tags_all": {},
                "throughput": 125,
                "volume_id": "vol-0a57e21d339b5d2eb",
                "volume_size": 8,
                "volume_type": "gp3"
              }
            ],
            "secondary_private_ips": [],
            "security_groups": [
              "jarvis-2-0"
            ],
            "source_dest_check": true,
            "spot_instance_request_id": "",
            "subnet_id": "subnet-0db421f857e5dbf8a",
            "tags": {
              "Name": "jarvis-2-0"
            },
            "tags_all": {
              "Name": "jarvis-2-0"
            },
            "tenancy": "default",
            "timeouts": null,
            "user_data": "#!/bin/bash\nset -euo pipefail\nLOG=/var/log/user_data.log\nexec \u003e \u003e(tee -a \"$LOG\") 2\u003e\u00261\n\necho \"=== user_data (jenkins-only) started at $(date) ===\"\n\n# ---------- Variables ----------\nAPP_USER=\"ubuntu\"\nJENKINS_KEYRING_DIR=\"/etc/apt/keyrings\"\nJENKINS_KEY_URL=\"https://pkg.jenkins.io/debian-stable/jenkins.io-2023.key\"\nJENKINS_LIST=\"/etc/apt/sources.list.d/jenkins.list\"\n\n# ---------- Basic apt update + essentials ----------\necho \"[1/5] apt update and install prerequisites...\"\napt update -y\napt install -y apt-transport-https ca-certificates curl gnupg lsb-release software-properties-common wget\n\n# ---------- Install OpenJDK 17 (required by Jenkins) ----------\necho \"[2/5] Installing OpenJDK 17...\"\napt install -y openjdk-17-jdk\n\n# ---------- Add Jenkins official repo \u0026 key ----------\necho \"[3/5] Adding Jenkins apt repository and key...\"\nmkdir -p \"${JENKINS_KEYRING_DIR}\"\n# download key (don't fail the whole script if download has transient issues — still continue)\nwget -O \"${JENKINS_KEYRING_DIR}/jenkins-keyring.asc\" \"${JENKINS_KEY_URL}\" || true\n\n# create sources list (idempotent)\necho \"deb [signed-by=${JENKINS_KEYRING_DIR}/jenkins-keyring.asc] https://pkg.jenkins.io/debian-stable binary/\" \\\n  \u003e \"${JENKINS_LIST}\" || true\n\napt update -y\n\n# ---------- Install Jenkins ----------\necho \"[4/5] Installing Jenkins...\"\napt install -y jenkins\n\n# Ensure Jenkins is enabled \u0026 started\nsystemctl enable --now jenkins\n\n# ---------- Wait for Jenkins initialAdminPassword and copy to ubuntu home ----------\necho \"[5/5] Waiting for Jenkins to create initialAdminPassword...\"\nfor i in {1..30}; do\n  if [ -f /var/lib/jenkins/secrets/initialAdminPassword ]; then\n    break\n  fi\n  echo \"  waiting for initialAdminPassword... ($i/30)\"\n  sleep 2\ndone\n\nif [ -f /var/lib/jenkins/secrets/initialAdminPassword ]; then\n  cp /var/lib/jenkins/secrets/initialAdminPassword /home/${APP_USER}/jenkins_initial_admin_password\n  chown ${APP_USER}:${APP_USER} /home/${APP_USER}/jenkins_initial_admin_password\n  chmod 600 /home/${APP_USER}/jenkins_initial_admin_password\n  echo \"Jenkins initial admin password copied to /home/${APP_USER}/jenkins_initial_admin_password\"\nelse\n  echo \"WARNING: Jenkins initialAdminPassword not found after wait — check /var/lib/jenkins/secrets/initialAdminPassword\" \u003e\u00262\nfi\n\necho \"=== user_data (jenkins-only) finished at $(date) ===\"\n",
            "user_data_base64": null,
            "user_data_replace_on_change": false,
            "volume_tags": null,
            "vpc_security_group_ids": [
              "sg-06646c798056a315f"
            ]
          },
          "sensitive_attributes": [],
          "identity_schema_version": 0,
          "identity": {
            "account_id": "528471666387",
            "id": "i-0f89f64b9205cc9a8",
            "region": "ap-south-1"
          },
          "private": "eyJlMmJmYjczMC1lY2FhLTExZTYtOGY4OC0zNDM2M2JjN2M0YzAiOnsiY3JlYXRlIjo2MDAwMDAwMDAwMDAsImRlbGV0ZSI6MTIwMDAwMDAwMDAwMCwicmVhZCI6OTAwMDAwMDAwMDAwLCJ1cGRhdGUiOjYwMDAwMDAwMDAwMH0sInNjaGVtYV92ZXJzaW9uIjoiMiJ9",
          "dependencies": [
            "aws_key_pair.newin",
            "aws_security_group.jarvis-2-0"
          ]
        }
      ]
    },
    {
      "mode": "managed",
      "type": "aws_key_pair",
      "name": "newin",
      "provider": "provider[\"registry.terraform.io/hashicorp/aws\"]",
      "instances": [
        {
          "schema_version": 1,
          "attributes": {
            "arn": "arn:aws:ec2:ap-south-1:528471666387:key-pair/newin",
            "fingerprint": "44:cb:ad:71:66:b7:2d:67:b7:a2:84:13:91:30:96:f4",
            "id": "newin",
            "key_name": "newin",
            "key_name_prefix": "",
            "key_pair_id": "key-0dd24c80171e85a1d",
            "key_type": "rsa",
            "public_key": "ssh-rsa AAAAB3NzaC1yc2EAAAADAQABAAABAQDQc9A4qRm6fnKKYQ1D980S+U6saEDWzOApZmp5kzK7GkTQojCE+8UBl1rcXllAVkhBQq9uhCfFTutEQeseSaIvEE4hqss69ifh9jbNHRGW3OhXOgtTclas2bX6COSXCgwYctF6YFnloalVtFsXp8mEIqGe9daKUP/xE1zFgHJkckDBSgyjAdyMgRhoC3miVzhFT+LBbdqK+l15DJoiPGesdQt+bbMUm+RtQ+44mdbCNcMJUr1jqHuosefn37l/S+ozAmib1vcGnqeg9P5uOTtRYD7TbNzBpP+qvG4YpBsagZZ2itV02Xs65kZGqlFda7oAoJZJ1B4TgZ78vkGuB5/p",
            "region": "ap-south-1",
            "tags": null,
            "tags_all": {}
          },
          "sensitive_attributes": [],
          "identity_schema_version": 0,
          "private": "eyJzY2hlbWFfdmVyc2lvbiI6IjEifQ=="
        }
      ]
    },
    {
      "mode": "managed",
      "type": "aws_security_group",
      "name": "jarvis-2-0",
      "provider": "provider[\"registry.terraform.io/hashicorp/aws\"]",
      "instances": [
        {
          "schema_version": 1,
          "attributes": {
            "arn": "arn:aws:ec2:ap-south-1:528471666387:security-group/sg-06646c798056a315f",
            "description": "Managed by Terraform",
            "egress": [
              {
                "cidr_blocks": [
                  "0.0.0.0/0"
                ],
                "description": "",
                "from_port": 0,
                "ipv6_cidr_blocks": [],
                "prefix_list_ids": [],
                "protocol": "-1",
                "security_groups": [],
                "self": false,
                "to_port": 0
              }
            ],
            "id": "sg-06646c798056a315f",
            "ingress": [
              {
                "cidr_blocks": [
                  "0.0.0.0/0"
                ],
                "description": "",
                "from_port": 22,
                "ipv6_cidr_blocks": [],
                "prefix_list_ids": [],
                "protocol": "tcp",
                "security_groups": [],
                "self": false,
                "to_port": 22
              },
              {
                "cidr_blocks": [
                  "0.0.0.0/0"
                ],
                "description": "",
                "from_port": 443,
                "ipv6_cidr_blocks": [],
                "prefix_list_ids": [],
                "protocol": "tcp",
                "security_groups": [],
                "self": false,
                "to_port": 443
              },
              {
                "cidr_blocks": [
                  "0.0.0.0/0"
                ],
                "description": "",
                "from_port": 5000,
                "ipv6_cidr_blocks": [],
                "prefix_list_ids": [],
                "protocol": "tcp",
                "security_groups": [],
                "self": false,
                "to_port": 5000
              },
              {
                "cidr_blocks": [
                  "0.0.0.0/0"
                ],
                "description": "",
                "from_port": 8000,
                "ipv6_cidr_blocks": [],
                "prefix_list_ids": [],
                "protocol": "tcp",
                "security_groups": [],
                "self": false,
                "to_port": 8000
              },
              {
                "cidr_blocks": [
                  "0.0.0.0/0"
                ],
                "description": "",
                "from_port": 8080,
                "ipv6_cidr_blocks": [],
                "prefix_list_ids": [],
                "protocol": "tcp",
                "security_groups": [],
                "self": false,
                "to_port": 8080
              },
              {
                "cidr_blocks": [
                  "0.0.0.0/0"
                ],
                "description": "",
                "from_port": 80,
                "ipv6_cidr_blocks": [],
                "prefix_list_ids": [],
                "protocol": "tcp",
                "security_groups": [],
                "self": false,
                "to_port": 80
              },
              {
                "cidr_blocks": [
                  "0.0.0.0/0"
                ],
                "description": "",
                "from_port": 9000,
                "ipv6_cidr_blocks": [],
                "prefix_list_ids": [],
                "protocol": "tcp",
                "security_groups": [],
                "self": false,
                "to_port": 9000
              }
            ],
            "name": "jarvis-2-0",
            "name_prefix": "",
            "owner_id": "528471666387",
            "region": "ap-south-1",
            "revoke_rules_on_delete": false,
            "tags": {},
            "tags_all": {},
            "timeouts": null,
            "vpc_id": "vpc-04b9e574c526afee7"
          },
          "sensitive_attributes": [],
          "identity_schema_version": 0,
          "identity": {
            "account_id": "528471666387",
            "id": "sg-06646c798056a315f",
            "region": "ap-south-1"
          },
          "private": "eyJlMmJmYjczMC1lY2FhLTExZTYtOGY4OC0zNDM2M2JjN2M0YzAiOnsiY3JlYXRlIjo2MDAwMDAwMDAwMDAsImRlbGV0ZSI6OTAwMDAwMDAwMDAwfSwic2NoZW1hX3ZlcnNpb24iOiIxIn0=",
          "create_before_destroy": true
        }
      ]
    }
  ],
  "check_results": null
}
